github.com/beorn7/perks v1.0.1/go.mod h1:Q1jM1tA+kI5S9zK/H0n/8zP/2/J97/f4G3/1/oX0/g0=
github.com/cespare/xxhash/v2 v2.2.0 h1:h4/9t6tP7/P1/3k/5/T0/q3/Q7/7/S2/S0=
github.com/prometheus/client_golang v1.17.0 h1:Fp00X0Z3F/3k/H1/q0/T7/5t/z0/2t/w0=
github.com/prometheus/client_golang v1.17.0/go.mod h1:s2t8l/l/r4/q1/q0/g5/p7/p0/w0/z0=
github.com/prometheus/client_model v0.5.0/go.mod h1:z1t8v/p8/p0/q7/w0/q3/t7/y7/r7/w7=
github.com/prometheus/common v0.45.0 h1:Z7/z5/f8/r5/w4/y1/q2/u7/z4/s3=
github.com/prometheus/common v0.45.0/go.mod h1:b9/a2/a4/v2/n4/y4/c7/s1/q0/j3=
github.com/prometheus/procfs v0.12.0/go.mod h1:x0/t7/t7/w0/x8/u2/w0/c7/x8/w0=
golang.org/x/sys v0.15.0 h1:V7/f9/g7/t5/h8/n3/z5/b0/p1/b5=
golang.org/x/sys v0.15.0/go.mod h1:d2/g8/z2/b3/x5/g4/b3/t2/q0/x8=
google.golang.org/protobuf v1.31.0/go.mod h1:a8/z6/w2/n2/f5/t6/c7/q0/t6/w0=
